// !$*UTF8*$!
{
	archiveVersion = 1;
	classes = {
	};
	objectVersion = 46;
	objects = {

/* Begin PBXBuildFile section */
		021E1B0B1EADFF8100BDFEF1 /* AppDelegate.swift in Sources */ = {isa = PBXBuildFile; fileRef = 021E1B0A1EADFF8100BDFEF1 /* AppDelegate.swift */; };
		021E1B0D1EADFF8100BDFEF1 /* ViewController.swift in Sources */ = {isa = PBXBuildFile; fileRef = 021E1B0C1EADFF8100BDFEF1 /* ViewController.swift */; };
		021E1B101EADFF8100BDFEF1 /* Main.storyboard in Resources */ = {isa = PBXBuildFile; fileRef = 021E1B0E1EADFF8100BDFEF1 /* Main.storyboard */; };
		021E1B121EADFF8100BDFEF1 /* Assets.xcassets in Resources */ = {isa = PBXBuildFile; fileRef = 021E1B111EADFF8100BDFEF1 /* Assets.xcassets */; };
		021E1B151EADFF8100BDFEF1 /* LaunchScreen.storyboard in Resources */ = {isa = PBXBuildFile; fileRef = 021E1B131EADFF8100BDFEF1 /* LaunchScreen.storyboard */; };
		021E1B1E1EADFFB300BDFEF1 /* CaesarCipher.swift in Sources */ = {isa = PBXBuildFile; fileRef = 021E1B1D1EADFFB300BDFEF1 /* CaesarCipher.swift */; };
/* End PBXBuildFile section */

/* Begin PBXFileReference section */
		021E1B071EADFF8100BDFEF1 /* LHWCipher.app */ = {isa = PBXFileReference; explicitFileType = wrapper.application; includeInIndex = 0; path = LHWCipher.app; sourceTree = BUILT_PRODUCTS_DIR; };
		021E1B0A1EADFF8100BDFEF1 /* AppDelegate.swift */ = {isa = PBXFileReference; lastKnownFileType = sourcecode.swift; path = AppDelegate.swift; sourceTree = "<group>"; };
		021E1B0C1EADFF8100BDFEF1 /* ViewController.swift */ = {isa = PBXFileReference; lastKnownFileType = sourcecode.swift; path = ViewController.swift; sourceTree = "<group>"; };
		021E1B0F1EADFF8100BDFEF1 /* Base */ = {isa = PBXFileReference; lastKnownFileType = file.storyboard; name = Base; path = Base.lproj/Main.storyboard; sourceTree = "<group>"; };
		021E1B111EADFF8100BDFEF1 /* Assets.xcassets */ = {isa = PBXFileReference; lastKnownFileType = folder.assetcatalog; path = Assets.xcassets; sourceTree = "<group>"; };
		021E1B141EADFF8100BDFEF1 /* Base */ = {isa = PBXFileReference; lastKnownFileType = file.storyboard; name = Base; path = Base.lproj/LaunchScreen.storyboard; sourceTree = "<group>"; };
		021E1B161EADFF8100BDFEF1 /* Info.plist */ = {isa = PBXFileReference; lastKnownFileType = text.plist.xml; path = Info.plist; sourceTree = "<group>"; };
		021E1B1C1EADFF9300BDFEF1 /* CaesarCipherTest.playground */ = {isa = PBXFileReference; lastKnownFileType = file.playground; path = CaesarCipherTest.playground; sourceTree = "<group>"; };
		021E1B1D1EADFFB300BDFEF1 /* CaesarCipher.swift */ = {isa = PBXFileReference; fileEncoding = 4; lastKnownFileType = sourcecode.swift; path = CaesarCipher.swift; sourceTree = "<group>"; };
/* End PBXFileReference section */

/* Begin PBXFrameworksBuildPhase section */
		021E1B041EADFF8100BDFEF1 /* Frameworks */ = {
			isa = PBXFrameworksBuildPhase;
			buildActionMask = 2147483647;
			files = (
			);
			runOnlyForDeploymentPostprocessing = 0;
		};
/* End PBXFrameworksBuildPhase section */

/* Begin PBXGroup section */
		021E1AFE1EADFF8100BDFEF1 = {
			isa = PBXGroup;
			children = (
				021E1B091EADFF8100BDFEF1 /* LHWCipher */,
				021E1B081EADFF8100BDFEF1 /* Products */,
			);
			sourceTree = "<group>";
		};
		021E1B081EADFF8100BDFEF1 /* Products */ = {
			isa = PBXGroup;
			children = (
				021E1B071EADFF8100BDFEF1 /* LHWCipher.app */,
			);
			name = Products;
			sourceTree = "<group>";
		};
		021E1B091EADFF8100BDFEF1 /* LHWCipher */ = {
			isa = PBXGroup;
			children = (
				021E1B0A1EADFF8100BDFEF1 /* AppDelegate.swift */,
				021E1B0C1EADFF8100BDFEF1 /* ViewController.swift */,
				021E1B1D1EADFFB300BDFEF1 /* CaesarCipher.swift */,
				021E1B1C1EADFF9300BDFEF1 /* CaesarCipherTest.playground */,
				021E1B0E1EADFF8100BDFEF1 /* Main.storyboard */,
				021E1B111EADFF8100BDFEF1 /* Assets.xcassets */,
				021E1B131EADFF8100BDFEF1 /* LaunchScreen.storyboard */,
				021E1B161EADFF8100BDFEF1 /* Info.plist */,
			);
			path = LHWCipher;
			sourceTree = "<group>";
		};
/* End PBXGroup section */

/* Begin PBXNativeTarget section */
		021E1B061EADFF8100BDFEF1 /* LHWCipher */ = {
			isa = PBXNativeTarget;
			buildConfigurationList = 021E1B191EADFF8100BDFEF1 /* Build configuration list for PBXNativeTarget "LHWCipher" */;
			buildPhases = (
				021E1B031EADFF8100BDFEF1 /* Sources */,
				021E1B041EADFF8100BDFEF1 /* Frameworks */,
				021E1B051EADFF8100BDFEF1 /* Resources */,
			);
			buildRules = (
			);
			dependencies = (
			);
			name = LHWCipher;
			productName = LHWCipher;
			productReference = 021E1B071EADFF8100BDFEF1 /* LHWCipher.app */;
			productType = "com.apple.product-type.application";
		};
/* End PBXNativeTarget section */

/* Begin PBXProject section */
		021E1AFF1EADFF8100BDFEF1 /* Project object */ = {
			isa = PBXProject;
			attributes = {
				LastSwiftUpdateCheck = 0830;
				LastUpgradeCheck = 0830;
				ORGANIZATIONNAME = Hanguang;
				TargetAttributes = {
					021E1B061EADFF8100BDFEF1 = {
						CreatedOnToolsVersion = 8.3.2;
						DevelopmentTeam = 2L4985KKX7;
						ProvisioningStyle = Automatic;
					};
				};
			};
			buildConfigurationList = 021E1B021EADFF8100BDFEF1 /* Build configuration list for PBXProject "LHWCipher" */;
			compatibilityVersion = "Xcode 3.2";
			developmentRegion = English;
			hasScannedForEncodings = 0;
			knownRegions = (
				en,
				Base,
			);
			mainGroup = 021E1AFE1EADFF8100BDFEF1;
			productRefGroup = 021E1B081EADFF8100BDFEF1 /* Products */;
			projectDirPath = "";
			projectRoot = "";
			targets = (
				021E1B061EADFF8100BDFEF1 /* LHWCipher */,
			);
		};
/* End PBXProject section */

/* Begin PBXResourcesBuildPhase section */
		021E1B051EADFF8100BDFEF1 /* Resources */ = {
			isa = PBXResourcesBuildPhase;
			buildActionMask = 2147483647;
			files = (
				021E1B151EADFF8100BDFEF1 /* LaunchScreen.storyboard in Resources */,
				021E1B121EADFF8100BDFEF1 /* Assets.xcassets in Resources */,
				021E1B101EADFF8100BDFEF1 /* Main.storyboard in Resources */,
			);
			runOnlyForDeploymentPostprocessing = 0;
		};
/* End PBXResourcesBuildPhase section */

/* Begin PBXSourcesBuildPhase section */
		021E1B031EADFF8100BDFEF1 /* Sources */ = {
			isa = PBXSourcesBuildPhase;
			buildActionMask = 2147483647;
			files = (
				021E1B0D1EADFF8100BDFEF1 /* ViewController.swift in Sources */,
				021E1B0B1EADFF8100BDFEF1 /* AppDelegate.swift in Sources */,
				021E1B1E1EADFFB300BDFEF1 /* CaesarCipher.swift in Sources */,
			);
			runOnlyForDeploymentPostprocessing = 0;
		};
/* End PBXSourcesBuildPhase section */

/* Begin PBXVariantGroup section */
		021E1B0E1EADFF8100BDFEF1 /* Main.storyboard */ = {
			isa = PBXVariantGroup;
			children = (
				021E1B0F1EADFF8100BDFEF1 /* Base */,
			);
			name = Main.storyboard;
			sourceTree = "<group>";
		};
		021E1B131EADFF8100BDFEF1 /* LaunchScreen.storyboard */ = {
			isa = PBXVariantGroup;
			children = (
				021E1B141EADFF8100BDFEF1 /* Base */,
			);
			name = LaunchScreen.storyboard;
			sourceTree = "<group>";
		};
/* End PBXVariantGroup section */

/* Begin XCBuildConfiguration section */
		021E1B171EADFF8100BDFEF1 /* Debug */ = {
			isa = XCBuildConfiguration;
			buildSettings = {
				ALWAYS_SEARCH_USER_PATHS = NO;
				CLANG_ANALYZER_NONNULL = YES;
				CLANG_ANALYZER_NUMBER_OBJECT_CONVERSION = YES_AGGRESSIVE;
				CLANG_CXX_LANGUAGE_STANDARD = "gnu++0x";
				CLANG_CXX_LIBRARY = "libc++";
				CLANG_ENABLE_MODULES = YES;
				CLANG_ENABLE_OBJC_ARC = YES;
				CLANG_WARN_BOOL_CONVERSION = YES;
				CLANG_WARN_CONSTANT_CONVERSION = YES;
				CLANG_WARN_DIRECT_OBJC_ISA_USAGE = YES_ERROR;
				CLANG_WARN_DOCUMENTATION_COMMENTS = YES;
				CLANG_WARN_EMPTY_BODY = YES;
				CLANG_WARN_ENUM_CONVERSION = YES;
				CLANG_WARN_INFINITE_RECURSION = YES;
				CLANG_WARN_INT_CONVERSION = YES;
				CLANG_WARN_OBJC_ROOT_CLASS = YES_ERROR;
				CLANG_WARN_SUSPICIOUS_MOVE = YES;
				CLANG_WARN_UNREACHABLE_CODE = YES;
				CLANG_WARN__DUPLICATE_METHOD_MATCH = YES;
				"CODE_SIGN_IDENTITY[sdk=iphoneos*]" = "iPhone Developer";
				COPY_PHASE_STRIP = NO;
				DEBUG_INFORMATION_FORMAT = dwarf;
				ENABLE_STRICT_OBJC_MSGSEND = YES;
				ENABLE_TESTABILITY = YES;
				GCC_C_LANGUAGE_STANDARD = gnu99;
				GCC_DYNAMIC_NO_PIC = NO;
				GCC_NO_COMMON_BLOCKS = YES;
				GCC_OPTIMIZATION_LEVEL = 0;
				GCC_PREPROCESSOR_DEFINITIONS = (
					"DEBUG=1",
					"$(inherited)",
				);
				GCC_WARN_64_TO_32_BIT_CONVERSION = YES;
				GCC_WARN_ABOUT_RETURN_TYPE = YES_ERROR;
				GCC_WARN_UNDECLARED_SELECTOR = YES;
				GCC_WARN_UNINITIALIZED_AUTOS = YES_AGGRESSIVE;
				GCC_WARN_UNUSED_FUNCTION = YES;
				GCC_WARN_UNUSED_VARIABLE = YES;
				IPHONEOS_DEPLOYMENT_TARGET = 10.3;
				MTL_ENABLE_DEBUG_INFO = YES;
				ONLY_ACTIVE_ARCH = YES;
				SDKROOT = iphoneos;
				SWIFT_ACTIVE_COMPILATION_CONDITIONS = DEBUG;
				SWIFT_OPTIMIZATION_LEVEL = "-Onone";
			};
			name = Debug;
		};
		021E1B181EADFF8100BDFEF1 /* Release */ = {
			isa = XCBuildConfiguration;
			buildSettings = {
				ALWAYS_SEARCH_USER_PATHS = NO;
				CLANG_ANALYZER_NONNULL = YES;
				CLANG_ANALYZER_NUMBER_OBJECT_CONVERSION = YES_AGGRESSIVE;
				CLANG_CXX_LANGUAGE_STANDARD = "gnu++0x";
				CLANG_CXX_LIBRARY = "libc++";
				CLANG_ENABLE_MODULES = YES;
				CLANG_ENABLE_OBJC_ARC = YES;
				CLANG_WARN_BOOL_CONVERSION = YES;
				CLANG_WARN_CONSTANT_CONVERSION = YES;
				CLANG_WARN_DIRECT_OBJC_ISA_USAGE = YES_ERROR;
				CLANG_WARN_DOCUMENTATION_COMMENTS = YES;
				CLANG_WARN_EMPTY_BODY = YES;
				CLANG_WARN_ENUM_CONVERSION = YES;
				CLANG_WARN_INFINITE_RECURSION = YES;
				CLANG_WARN_INT_CONVERSION = YES;
				CLANG_WARN_OBJC_ROOT_CLASS = YES_ERROR;
				CLANG_WARN_SUSPICIOUS_MOVE = YES;
				CLANG_WARN_UNREACHABLE_CODE = YES;
				CLANG_WARN__DUPLICATE_METHOD_MATCH = YES;
				"CODE_SIGN_IDENTITY[sdk=iphoneos*]" = "iPhone Developer";
				COPY_PHASE_STRIP = NO;
				DEBUG_INFORMATION_FORMAT = "dwarf-with-dsym";
				ENABLE_NS_ASSERTIONS = NO;
				ENABLE_STRICT_OBJC_MSGSEND = YES;
				GCC_C_LANGUAGE_STANDARD = gnu99;
				GCC_NO_COMMON_BLOCKS = YES;
				GCC_WARN_64_TO_32_BIT_CONVERSION = YES;
				GCC_WARN_ABOUT_RETURN_TYPE = YES_ERROR;
				GCC_WARN_UNDECLARED_SELECTOR = YES;
				GCC_WARN_UNINITIALIZED_AUTOS = YES_AGGRESSIVE;
				GCC_WARN_UNUSED_FUNCTION = YES;
				GCC_WARN_UNUSED_VARIABLE = YES;
				IPHONEOS_DEPLOYMENT_TARGET = 10.3;
				MTL_ENABLE_DEBUG_INFO = NO;
				SDKROOT = iphoneos;
				SWIFT_OPTIMIZATION_LEVEL = "-Owholemodule";
				VALIDATE_PRODUCT = YES;
			};
			name = Release;
		};
		021E1B1A1EADFF8100BDFEF1 /* Debug */ = {
			isa = XCBuildConfiguration;
			buildSettings = {
				ASSETCATALOG_COMPILER_APPICON_NAME = AppIcon;
				DEVELOPMENT_TEAM = 2L4985KKX7;
				INFOPLIST_FILE = LHWCipher/Info.plist;
				LD_RUNPATH_SEARCH_PATHS = "$(inherited) @executable_path/Frameworks";
				PRODUCT_BUNDLE_IDENTIFIER = com.hanguang.app.LHWCipher;
				PRODUCT_NAME = "$(TARGET_NAME)";
				SWIFT_VERSION = 3.0;
			};
			name = Debug;
		};
		021E1B1B1EADFF8100BDFEF1 /* Release */ = {
			isa = XCBuildConfiguration;
			buildSettings = {
				ASSETCATALOG_COMPILER_APPICON_NAME = AppIcon;
				DEVELOPMENT_TEAM = 2L4985KKX7;
				INFOPLIST_FILE = LHWCipher/Info.plist;
				LD_RUNPATH_SEARCH_PATHS = "$(inherited) @executable_path/Frameworks";
				PRODUCT_BUNDLE_IDENTIFIER = com.hanguang.app.LHWCipher;
				PRODUCT_NAME = "$(TARGET_NAME)";
				SWIFT_VERSION = 3.0;
			};
			name = Release;
		};
/* End XCBuildConfiguration section */

/* Begin XCConfigurationList section */
		021E1B021EADFF8100BDFEF1 /* Build configuration list for PBXProject "LHWCipher" */ = {
			isa = XCConfigurationList;
			buildConfigurations = (
				021E1B171EADFF8100BDFEF1 /* Debug */,
				021E1B181EADFF8100BDFEF1 /* Release */,
			);
			defaultConfigurationIsVisible = 0;
			defaultConfigurationName = Release;
		};
		021E1B191EADFF8100BDFEF1 /* Build configuration list for PBXNativeTarget "LHWCipher" */ = {
			isa = XCConfigurationList;
			buildConfigurations = (
				021E1B1A1EADFF8100BDFEF1 /* Debug */,
				021E1B1B1EADFF8100BDFEF1 /* Release */,
			);
			defaultConfigurationIsVisible = 0;
			defaultConfigurationName = Release;
		};
/* End XCConfigurationList section */
	};
	rootObject = 021E1AFF1EADFF8100BDFEF1 /* Project object */;
}
